
Microsoft Visual Studio Solution File, Format Version 12.00
# Visual Studio Version 16
VisualStudioVersion = 16.0.32106.194
MinimumVisualStudioVersion = 10.0.40219.1
Project("{9A19103F-16F7-4668-BE54-9A1E7A4F7556}") = "ASP NET Project", "ASP NET Project\ASP NET Project.csproj", "{DFC67389-97FB-4D27-AFAE-0376E551B55A}"
EndProject
Project("{FAE04EC0-301F-11D3-BF4B-00C04F79EFBC}") = "ASP_NET_Project.Tests", "ASP_NET_Project.Tests\ASP_NET_Project.Tests.csproj", "{57395EA5-5D5D-4806-BAC5-FE95994C6B3E}"
EndProject
Global
	GlobalSection(SolutionConfigurationPlatforms) = preSolution
		Debug|Any CPU = Debug|Any CPU
		Release|Any CPU = Release|Any CPU
	EndGlobalSection
	GlobalSection(ProjectConfigurationPlatforms) = postSolution
		{DFC67389-97FB-4D27-AFAE-0376E551B55A}.Debug|Any CPU.ActiveCfg = Debug|Any CPU
		{DFC67389-97FB-4D27-AFAE-0376E551B55A}.Debug|Any CPU.Build.0 = Debug|Any CPU
		{DFC67389-97FB-4D27-AFAE-0376E551B55A}.Release|Any CPU.ActiveCfg = Release|Any CPU
		{DFC67389-97FB-4D27-AFAE-0376E551B55A}.Release|Any CPU.Build.0 = Release|Any CPU
		{57395EA5-5D5D-4806-BAC5-FE95994C6B3E}.Debug|Any CPU.ActiveCfg = Debug|Any CPU
		{57395EA5-5D5D-4806-BAC5-FE95994C6B3E}.Debug|Any CPU.Build.0 = Debug|Any CPU
		{57395EA5-5D5D-4806-BAC5-FE95994C6B3E}.Release|Any CPU.ActiveCfg = Release|Any CPU
		{57395EA5-5D5D-4806-BAC5-FE95994C6B3E}.Release|Any CPU.Build.0 = Release|Any CPU
	EndGlobalSection
	GlobalSection(SolutionProperties) = preSolution
		HideSolutionNode = FALSE
	EndGlobalSection
	GlobalSection(ExtensibilityGlobals) = postSolution
		SolutionGuid = {C42865B8-342E-4F20-9DF2-385AB0E559B7}
	EndGlobalSection
EndGlobal
